{
  "nodes": {
    "mk-minimal-shell": {
      "locked": {
        "lastModified": 1728357862,
        "narHash": "sha256-ZmxobYEUwpwVnXnwey1xB495Pt6PV3IkudyGkce/xzA=",
        "owner": "n-hass",
        "repo": "mkminimalshell",
        "rev": "5c2c52f22054904d77438cd4b50930a8bcdc681e",
        "type": "github"
      },
      "original": {
        "owner": "n-hass",
        "repo": "mkminimalshell",
        "type": "github"
      }
    },
    "nixpkgs": {
      "locked": {
        "lastModified": 1728249353,
        "narHash": "sha256-7NBJm1jfMeAowE1J2oljYqWVvI9X7FyyxBY4O8uB/Os=",
        "owner": "NixOS",
        "repo": "nixpkgs",
        "rev": "c8a17040be4a20b29589cb4043a9e0c36af1930e",
        "type": "github"
      },
      "original": {
        "owner": "NixOS",
        "ref": "nixpkgs-unstable",
        "repo": "nixpkgs",
        "type": "github"
      }
    },
    "root": {
      "inputs": {
        "mk-minimal-shell": "mk-minimal-shell",
        "nixpkgs": "nixpkgs"
      }
    }
  },
  "root": "root",
  "version": 7
}
