{
  "nodes": {
    "mk-minimal-shell": {
      "locked": {
        "lastModified": 1728359452,
        "narHash": "sha256-DRsK19Ia2NMkBP1eA0VLe5O5ARcQgDoZC7WJ8DkQMco=",
        "owner": "n-hass",
        "repo": "mkminimalshell",
        "rev": "c1aac714cdeabeb4f10ff5892bc83cc11538881f",
        "type": "github"
      },
      "original": {
        "owner": "n-hass",
        "repo": "mkminimalshell",
        "type": "github"
      }
    },
    "nixpkgs": {
      "locked": {
        "lastModified": 1728249353,
        "narHash": "sha256-7NBJm1jfMeAowE1J2oljYqWVvI9X7FyyxBY4O8uB/Os=",
        "owner": "NixOS",
        "repo": "nixpkgs",
        "rev": "c8a17040be4a20b29589cb4043a9e0c36af1930e",
        "type": "github"
      },
      "original": {
        "owner": "NixOS",
        "ref": "nixpkgs-unstable",
        "repo": "nixpkgs",
        "type": "github"
      }
    },
    "root": {
      "inputs": {
        "mk-minimal-shell": "mk-minimal-shell",
        "nixpkgs": "nixpkgs"
      }
    }
  },
  "root": "root",
  "version": 7
}
